
Microsoft Visual Studio Solution File, Format Version 12.00
# Visual Studio Version 16
VisualStudioVersion = 16.0.32602.291
MinimumVisualStudioVersion = 10.0.40219.1
Project("{FAE04EC0-301F-11D3-BF4B-00C04F79EFBC}") = "shimgen", "shimgen.csproj", "{12FB9FB8-38AF-477A-AED7-C4A12B1880CD}"
EndProject
Global
	GlobalSection(SolutionConfigurationPlatforms) = preSolution
		Debug|Any CPU = Debug|Any CPU
		Release|Any CPU = Release|Any CPU
	EndGlobalSection
	GlobalSection(ProjectConfigurationPlatforms) = postSolution
		{12FB9FB8-38AF-477A-AED7-C4A12B1880CD}.Debug|Any CPU.ActiveCfg = Debug|Any CPU
		{12FB9FB8-38AF-477A-AED7-C4A12B1880CD}.Debug|Any CPU.Build.0 = Debug|Any CPU
		{12FB9FB8-38AF-477A-AED7-C4A12B1880CD}.Release|Any CPU.ActiveCfg = Release|Any CPU
		{12FB9FB8-38AF-477A-AED7-C4A12B1880CD}.Release|Any CPU.Build.0 = Release|Any CPU
	EndGlobalSection
	GlobalSection(SolutionProperties) = preSolution
		HideSolutionNode = FALSE
	EndGlobalSection
	GlobalSection(ExtensibilityGlobals) = postSolution
		SolutionGuid = {C2190099-CA0D-41BE-88C2-70977740DFC4}
	EndGlobalSection
EndGlobal
