
Microsoft Visual Studio Solution File, Format Version 12.00
# Visual Studio Version 16
VisualStudioVersion = 16.0.31129.286
MinimumVisualStudioVersion = 10.0.40219.1
Project("{9A19103F-16F7-4668-BE54-9A1E7A4F7556}") = "chocolatey.console", "chocolatey.console\chocolatey.console.csproj", "{E24E3386-244F-4404-9E6E-5B53818EA903}"
EndProject
Project("{9A19103F-16F7-4668-BE54-9A1E7A4F7556}") = "chocolatey.tests", "chocolatey.tests\chocolatey.tests.csproj", "{5C4C60F0-47B1-498E-ABF7-D315E1A94BC9}"
EndProject
Project("{2150E333-8FDC-42A3-9474-1A3956D46DE8}") = "tests", "tests", "{7656D054-387D-409C-A9FB-62A44599AA77}"
EndProject
Project("{9A19103F-16F7-4668-BE54-9A1E7A4F7556}") = "chocolatey", "chocolatey\chocolatey.csproj", "{5563DC61-35FD-4FAB-B331-9AE1FDB23F80}"
EndProject
Project("{9A19103F-16F7-4668-BE54-9A1E7A4F7556}") = "chocolatey.resources", "chocolatey.resources\chocolatey.resources.csproj", "{AF584111-FE32-448D-A1D0-63217AF8B43C}"
EndProject
Project("{9A19103F-16F7-4668-BE54-9A1E7A4F7556}") = "chocolatey.tests.integration", "chocolatey.tests.integration\chocolatey.tests.integration.csproj", "{12ECAD4F-D463-4D72-A792-A4FCCFE9C456}"
EndProject
Project("{2150E333-8FDC-42A3-9474-1A3956D46DE8}") = ".nuget", ".nuget", "{7A36F8E0-B170-4A51-A788-F1246513808A}"
	ProjectSection(SolutionItems) = preProject
		.nuget\packages.config = .nuget\packages.config
	EndProjectSection
EndProject
Project("{2150E333-8FDC-42A3-9474-1A3956D46DE8}") = "nuget", "nuget", "{FB6236DD-17EF-4C36-943C-47792FBC3306}"
EndProject
Project("{2150E333-8FDC-42A3-9474-1A3956D46DE8}") = "chocolatey", "chocolatey", "{DAB29F30-149D-4005-A8D2-4FA56CF2784D}"
	ProjectSection(SolutionItems) = preProject
		..\nuget\chocolatey\chocolatey.nuspec = ..\nuget\chocolatey\chocolatey.nuspec
	EndProjectSection
EndProject
Project("{2150E333-8FDC-42A3-9474-1A3956D46DE8}") = "tools", "tools", "{E5C987F8-6B95-4835-BBDD-A25C9D370BB9}"
	ProjectSection(SolutionItems) = preProject
		..\nuget\chocolatey\tools\chocolateyInstall.ps1 = ..\nuget\chocolatey\tools\chocolateyInstall.ps1
		..\nuget\chocolatey\tools\chocolateysetup.psm1 = ..\nuget\chocolatey\tools\chocolateysetup.psm1
		..\nuget\chocolatey\tools\init.ps1 = ..\nuget\chocolatey\tools\init.ps1
	EndProjectSection
EndProject
Project("{2150E333-8FDC-42A3-9474-1A3956D46DE8}") = "chocolatey.lib", "chocolatey.lib", "{DD9689F3-1D2D-41AE-A672-063EE70C0C9A}"
	ProjectSection(SolutionItems) = preProject
		..\nuget\chocolatey.lib\chocolatey.lib.nuspec = ..\nuget\chocolatey.lib\chocolatey.lib.nuspec
	EndProjectSection
EndProject
Project("{2150E333-8FDC-42A3-9474-1A3956D46DE8}") = "toplevel", "toplevel", "{18FEFF9F-7352-4230-8B4E-E8D8BE976095}"
	ProjectSection(SolutionItems) = preProject
		..\README.md = ..\README.md
	EndProjectSection
EndProject
Project("{9A19103F-16F7-4668-BE54-9A1E7A4F7556}") = "Core", "..\lib\NuGet-Chocolatey\src\Core\Core.csproj", "{F879F274-EFA0-4157-8404-33A19B4E6AEC}"
EndProject
Project("{2150E333-8FDC-42A3-9474-1A3956D46DE8}") = "Microsoft.Data.Services.Client", "Microsoft.Data.Services.Client", "{44F5C54A-1D0E-4D33-A354-9BB2C5B7A177}"
EndProject
Project("{9A19103F-16F7-4668-BE54-9A1E7A4F7556}") = "Microsoft.Data.Edm", "..\lib\Microsoft.Data.Services.Client\ODataLib\EdmLib\Desktop\.Net4.0\Microsoft.Data.Edm.csproj", "{A934C8C2-9252-453C-9360-54381E4D276A}"
EndProject
Project("{9A19103F-16F7-4668-BE54-9A1E7A4F7556}") = "System.Spatial", "..\lib\Microsoft.Data.Services.Client\ODataLib\Spatial\Desktop\.Net4.0\System.Spatial.csproj", "{D8E09813-D0EA-40EB-8A96-EB30DAC029E2}"
EndProject
Project("{9A19103F-16F7-4668-BE54-9A1E7A4F7556}") = "Microsoft.Data.OData", "..\lib\Microsoft.Data.Services.Client\ODataLib\OData\Desktop\.Net4.0\Microsoft.Data.OData.csproj", "{34B74905-DF66-4BF7-958B-62C50ED1203C}"
EndProject
Project("{9A19103F-16F7-4668-BE54-9A1E7A4F7556}") = "System.Data.Services.Client", "..\lib\Microsoft.Data.Services.Client\WCFDataService\Client\System.Data.Services.Client.csproj", "{B2667D84-F31E-482D-A604-1323905D582F}"
EndProject
Project("{9A19103F-16F7-4668-BE54-9A1E7A4F7556}") = "ChocolateyGui.Common", "ChocolateyGui.Common\ChocolateyGui.Common.csproj", "{5625DF34-48CD-4957-A54C-E8D835EF2FD8}"
EndProject
Project("{9A19103F-16F7-4668-BE54-9A1E7A4F7556}") = "ChocolateyGui.Common.Windows", "ChocolateyGui.Common.Windows\ChocolateyGui.Common.Windows.csproj", "{943F7C14-DCC3-43C5-8ED8-F65AAEDCB893}"
EndProject
Project("{9A19103F-16F7-4668-BE54-9A1E7A4F7556}") = "ChocolateyGui", "ChocolateyGui\ChocolateyGui.csproj", "{FD09DFBB-F4C9-4F7A-A89F-7294C5499A1C}"
EndProject
Project("{FAE04EC0-301F-11D3-BF4B-00C04F79EFBC}") = "chocolatey.tests2", "chocolatey.tests2\chocolatey.tests2.csproj", "{47966427-1793-49FD-8F50-3EB02BF90E5C}"
EndProject
Global
	GlobalSection(SolutionConfigurationPlatforms) = preSolution
		Coverage|Any CPU = Coverage|Any CPU
		Coverage|x86 = Coverage|x86
		Debug|Any CPU = Debug|Any CPU
		Debug|x86 = Debug|x86
		Mono Debug|Any CPU = Mono Debug|Any CPU
		Mono Debug|x86 = Mono Debug|x86
		Mono Release|Any CPU = Mono Release|Any CPU
		Mono Release|x86 = Mono Release|x86
		NoResources|Any CPU = NoResources|Any CPU
		NoResources|x86 = NoResources|x86
		Release|Any CPU = Release|Any CPU
		Release|x86 = Release|x86
		ReleaseOfficial|Any CPU = ReleaseOfficial|Any CPU
		ReleaseOfficial|x86 = ReleaseOfficial|x86
	EndGlobalSection
	GlobalSection(ProjectConfigurationPlatforms) = postSolution
		{E24E3386-244F-4404-9E6E-5B53818EA903}.Coverage|Any CPU.ActiveCfg = ReleaseOfficial|Any CPU
		{E24E3386-244F-4404-9E6E-5B53818EA903}.Coverage|Any CPU.Build.0 = ReleaseOfficial|Any CPU
		{E24E3386-244F-4404-9E6E-5B53818EA903}.Coverage|x86.ActiveCfg = ReleaseOfficial|x86
		{E24E3386-244F-4404-9E6E-5B53818EA903}.Coverage|x86.Build.0 = ReleaseOfficial|x86
		{E24E3386-244F-4404-9E6E-5B53818EA903}.Debug|Any CPU.ActiveCfg = Debug|Any CPU
		{E24E3386-244F-4404-9E6E-5B53818EA903}.Debug|Any CPU.Build.0 = Debug|Any CPU
		{E24E3386-244F-4404-9E6E-5B53818EA903}.Debug|x86.ActiveCfg = Debug|x86
		{E24E3386-244F-4404-9E6E-5B53818EA903}.Debug|x86.Build.0 = Debug|x86
		{E24E3386-244F-4404-9E6E-5B53818EA903}.Mono Debug|Any CPU.ActiveCfg = Debug|Any CPU
		{E24E3386-244F-4404-9E6E-5B53818EA903}.Mono Debug|Any CPU.Build.0 = Debug|Any CPU
		{E24E3386-244F-4404-9E6E-5B53818EA903}.Mono Debug|x86.ActiveCfg = Debug|x86
		{E24E3386-244F-4404-9E6E-5B53818EA903}.Mono Debug|x86.Build.0 = Debug|x86
		{E24E3386-244F-4404-9E6E-5B53818EA903}.Mono Release|Any CPU.ActiveCfg = Release|Any CPU
		{E24E3386-244F-4404-9E6E-5B53818EA903}.Mono Release|Any CPU.Build.0 = Release|Any CPU
		{E24E3386-244F-4404-9E6E-5B53818EA903}.Mono Release|x86.ActiveCfg = Release|x86
		{E24E3386-244F-4404-9E6E-5B53818EA903}.Mono Release|x86.Build.0 = Release|x86
		{E24E3386-244F-4404-9E6E-5B53818EA903}.NoResources|Any CPU.ActiveCfg = NoResources|Any CPU
		{E24E3386-244F-4404-9E6E-5B53818EA903}.NoResources|x86.ActiveCfg = NoResources|x86
		{E24E3386-244F-4404-9E6E-5B53818EA903}.Release|Any CPU.ActiveCfg = Release|Any CPU
		{E24E3386-244F-4404-9E6E-5B53818EA903}.Release|Any CPU.Build.0 = Release|Any CPU
		{E24E3386-244F-4404-9E6E-5B53818EA903}.Release|x86.ActiveCfg = Release|x86
		{E24E3386-244F-4404-9E6E-5B53818EA903}.Release|x86.Build.0 = Release|x86
		{E24E3386-244F-4404-9E6E-5B53818EA903}.ReleaseOfficial|Any CPU.ActiveCfg = ReleaseOfficial|Any CPU
		{E24E3386-244F-4404-9E6E-5B53818EA903}.ReleaseOfficial|Any CPU.Build.0 = ReleaseOfficial|Any CPU
		{E24E3386-244F-4404-9E6E-5B53818EA903}.ReleaseOfficial|x86.ActiveCfg = ReleaseOfficial|x86
		{E24E3386-244F-4404-9E6E-5B53818EA903}.ReleaseOfficial|x86.Build.0 = ReleaseOfficial|x86
		{5C4C60F0-47B1-498E-ABF7-D315E1A94BC9}.Coverage|Any CPU.ActiveCfg = ReleaseOfficial|Any CPU
		{5C4C60F0-47B1-498E-ABF7-D315E1A94BC9}.Coverage|Any CPU.Build.0 = ReleaseOfficial|Any CPU
		{5C4C60F0-47B1-498E-ABF7-D315E1A94BC9}.Coverage|x86.ActiveCfg = ReleaseOfficial|Any CPU
		{5C4C60F0-47B1-498E-ABF7-D315E1A94BC9}.Coverage|x86.Build.0 = ReleaseOfficial|Any CPU
		{5C4C60F0-47B1-498E-ABF7-D315E1A94BC9}.Debug|Any CPU.ActiveCfg = Debug|Any CPU
		{5C4C60F0-47B1-498E-ABF7-D315E1A94BC9}.Debug|Any CPU.Build.0 = Debug|Any CPU
		{5C4C60F0-47B1-498E-ABF7-D315E1A94BC9}.Debug|x86.ActiveCfg = Debug|Any CPU
		{5C4C60F0-47B1-498E-ABF7-D315E1A94BC9}.Mono Debug|Any CPU.ActiveCfg = Debug|Any CPU
		{5C4C60F0-47B1-498E-ABF7-D315E1A94BC9}.Mono Debug|Any CPU.Build.0 = Debug|Any CPU
		{5C4C60F0-47B1-498E-ABF7-D315E1A94BC9}.Mono Debug|x86.ActiveCfg = Debug|Any CPU
		{5C4C60F0-47B1-498E-ABF7-D315E1A94BC9}.Mono Debug|x86.Build.0 = Debug|Any CPU
		{5C4C60F0-47B1-498E-ABF7-D315E1A94BC9}.Mono Release|Any CPU.ActiveCfg = Release|Any CPU
		{5C4C60F0-47B1-498E-ABF7-D315E1A94BC9}.Mono Release|Any CPU.Build.0 = Release|Any CPU
		{5C4C60F0-47B1-498E-ABF7-D315E1A94BC9}.Mono Release|x86.ActiveCfg = Release|Any CPU
		{5C4C60F0-47B1-498E-ABF7-D315E1A94BC9}.Mono Release|x86.Build.0 = Release|Any CPU
		{5C4C60F0-47B1-498E-ABF7-D315E1A94BC9}.NoResources|Any CPU.ActiveCfg = NoResources|Any CPU
		{5C4C60F0-47B1-498E-ABF7-D315E1A94BC9}.NoResources|x86.ActiveCfg = NoResources|Any CPU
		{5C4C60F0-47B1-498E-ABF7-D315E1A94BC9}.Release|Any CPU.ActiveCfg = Release|Any CPU
		{5C4C60F0-47B1-498E-ABF7-D315E1A94BC9}.Release|Any CPU.Build.0 = Release|Any CPU
		{5C4C60F0-47B1-498E-ABF7-D315E1A94BC9}.Release|x86.ActiveCfg = Release|Any CPU
		{5C4C60F0-47B1-498E-ABF7-D315E1A94BC9}.ReleaseOfficial|Any CPU.ActiveCfg = ReleaseOfficial|Any CPU
		{5C4C60F0-47B1-498E-ABF7-D315E1A94BC9}.ReleaseOfficial|Any CPU.Build.0 = ReleaseOfficial|Any CPU
		{5C4C60F0-47B1-498E-ABF7-D315E1A94BC9}.ReleaseOfficial|x86.ActiveCfg = ReleaseOfficial|Any CPU
		{5C4C60F0-47B1-498E-ABF7-D315E1A94BC9}.ReleaseOfficial|x86.Build.0 = ReleaseOfficial|Any CPU
		{5563DC61-35FD-4FAB-B331-9AE1FDB23F80}.Coverage|Any CPU.ActiveCfg = ReleaseOfficial|Any CPU
		{5563DC61-35FD-4FAB-B331-9AE1FDB23F80}.Coverage|Any CPU.Build.0 = ReleaseOfficial|Any CPU
		{5563DC61-35FD-4FAB-B331-9AE1FDB23F80}.Coverage|x86.ActiveCfg = ReleaseOfficial|Any CPU
		{5563DC61-35FD-4FAB-B331-9AE1FDB23F80}.Coverage|x86.Build.0 = ReleaseOfficial|Any CPU
		{5563DC61-35FD-4FAB-B331-9AE1FDB23F80}.Debug|Any CPU.ActiveCfg = Debug|Any CPU
		{5563DC61-35FD-4FAB-B331-9AE1FDB23F80}.Debug|Any CPU.Build.0 = Debug|Any CPU
		{5563DC61-35FD-4FAB-B331-9AE1FDB23F80}.Debug|x86.ActiveCfg = Debug|Any CPU
		{5563DC61-35FD-4FAB-B331-9AE1FDB23F80}.Mono Debug|Any CPU.ActiveCfg = Debug|Any CPU
		{5563DC61-35FD-4FAB-B331-9AE1FDB23F80}.Mono Debug|Any CPU.Build.0 = Debug|Any CPU
		{5563DC61-35FD-4FAB-B331-9AE1FDB23F80}.Mono Debug|x86.ActiveCfg = Debug|Any CPU
		{5563DC61-35FD-4FAB-B331-9AE1FDB23F80}.Mono Debug|x86.Build.0 = Debug|Any CPU
		{5563DC61-35FD-4FAB-B331-9AE1FDB23F80}.Mono Release|Any CPU.ActiveCfg = Release|Any CPU
		{5563DC61-35FD-4FAB-B331-9AE1FDB23F80}.Mono Release|Any CPU.Build.0 = Release|Any CPU
		{5563DC61-35FD-4FAB-B331-9AE1FDB23F80}.Mono Release|x86.ActiveCfg = Release|Any CPU
		{5563DC61-35FD-4FAB-B331-9AE1FDB23F80}.Mono Release|x86.Build.0 = Release|Any CPU
		{5563DC61-35FD-4FAB-B331-9AE1FDB23F80}.NoResources|Any CPU.ActiveCfg = NoResources|Any CPU
		{5563DC61-35FD-4FAB-B331-9AE1FDB23F80}.NoResources|Any CPU.Build.0 = NoResources|Any CPU
		{5563DC61-35FD-4FAB-B331-9AE1FDB23F80}.NoResources|x86.ActiveCfg = NoResources|Any CPU
		{5563DC61-35FD-4FAB-B331-9AE1FDB23F80}.NoResources|x86.Build.0 = NoResources|Any CPU
		{5563DC61-35FD-4FAB-B331-9AE1FDB23F80}.Release|Any CPU.ActiveCfg = Release|Any CPU
		{5563DC61-35FD-4FAB-B331-9AE1FDB23F80}.Release|Any CPU.Build.0 = Release|Any CPU
		{5563DC61-35FD-4FAB-B331-9AE1FDB23F80}.Release|x86.ActiveCfg = Release|Any CPU
		{5563DC61-35FD-4FAB-B331-9AE1FDB23F80}.ReleaseOfficial|Any CPU.ActiveCfg = ReleaseOfficial|Any CPU
		{5563DC61-35FD-4FAB-B331-9AE1FDB23F80}.ReleaseOfficial|Any CPU.Build.0 = ReleaseOfficial|Any CPU
		{5563DC61-35FD-4FAB-B331-9AE1FDB23F80}.ReleaseOfficial|x86.ActiveCfg = ReleaseOfficial|Any CPU
		{5563DC61-35FD-4FAB-B331-9AE1FDB23F80}.ReleaseOfficial|x86.Build.0 = ReleaseOfficial|Any CPU
		{AF584111-FE32-448D-A1D0-63217AF8B43C}.Coverage|Any CPU.ActiveCfg = ReleaseOfficial|Any CPU
		{AF584111-FE32-448D-A1D0-63217AF8B43C}.Coverage|Any CPU.Build.0 = ReleaseOfficial|Any CPU
		{AF584111-FE32-448D-A1D0-63217AF8B43C}.Coverage|x86.ActiveCfg = ReleaseOfficial|Any CPU
		{AF584111-FE32-448D-A1D0-63217AF8B43C}.Coverage|x86.Build.0 = ReleaseOfficial|Any CPU
		{AF584111-FE32-448D-A1D0-63217AF8B43C}.Debug|Any CPU.ActiveCfg = Debug|Any CPU
		{AF584111-FE32-448D-A1D0-63217AF8B43C}.Debug|Any CPU.Build.0 = Debug|Any CPU
		{AF584111-FE32-448D-A1D0-63217AF8B43C}.Debug|x86.ActiveCfg = Debug|Any CPU
		{AF584111-FE32-448D-A1D0-63217AF8B43C}.Mono Debug|Any CPU.ActiveCfg = Debug|Any CPU
		{AF584111-FE32-448D-A1D0-63217AF8B43C}.Mono Debug|Any CPU.Build.0 = Debug|Any CPU
		{AF584111-FE32-448D-A1D0-63217AF8B43C}.Mono Debug|x86.ActiveCfg = Debug|Any CPU
		{AF584111-FE32-448D-A1D0-63217AF8B43C}.Mono Debug|x86.Build.0 = Debug|Any CPU
		{AF584111-FE32-448D-A1D0-63217AF8B43C}.Mono Release|Any CPU.ActiveCfg = Release|Any CPU
		{AF584111-FE32-448D-A1D0-63217AF8B43C}.Mono Release|Any CPU.Build.0 = Release|Any CPU
		{AF584111-FE32-448D-A1D0-63217AF8B43C}.Mono Release|x86.ActiveCfg = Release|Any CPU
		{AF584111-FE32-448D-A1D0-63217AF8B43C}.Mono Release|x86.Build.0 = Release|Any CPU
		{AF584111-FE32-448D-A1D0-63217AF8B43C}.NoResources|Any CPU.ActiveCfg = NoResources|Any CPU
		{AF584111-FE32-448D-A1D0-63217AF8B43C}.NoResources|x86.ActiveCfg = NoResources|Any CPU
		{AF584111-FE32-448D-A1D0-63217AF8B43C}.Release|Any CPU.ActiveCfg = Release|Any CPU
		{AF584111-FE32-448D-A1D0-63217AF8B43C}.Release|Any CPU.Build.0 = Release|Any CPU
		{AF584111-FE32-448D-A1D0-63217AF8B43C}.Release|x86.ActiveCfg = Release|Any CPU
		{AF584111-FE32-448D-A1D0-63217AF8B43C}.ReleaseOfficial|Any CPU.ActiveCfg = ReleaseOfficial|Any CPU
		{AF584111-FE32-448D-A1D0-63217AF8B43C}.ReleaseOfficial|Any CPU.Build.0 = ReleaseOfficial|Any CPU
		{AF584111-FE32-448D-A1D0-63217AF8B43C}.ReleaseOfficial|x86.ActiveCfg = ReleaseOfficial|Any CPU
		{AF584111-FE32-448D-A1D0-63217AF8B43C}.ReleaseOfficial|x86.Build.0 = ReleaseOfficial|Any CPU
		{12ECAD4F-D463-4D72-A792-A4FCCFE9C456}.Coverage|Any CPU.ActiveCfg = ReleaseOfficial|Any CPU
		{12ECAD4F-D463-4D72-A792-A4FCCFE9C456}.Coverage|Any CPU.Build.0 = ReleaseOfficial|Any CPU
		{12ECAD4F-D463-4D72-A792-A4FCCFE9C456}.Coverage|x86.ActiveCfg = ReleaseOfficial|Any CPU
		{12ECAD4F-D463-4D72-A792-A4FCCFE9C456}.Coverage|x86.Build.0 = ReleaseOfficial|Any CPU
		{12ECAD4F-D463-4D72-A792-A4FCCFE9C456}.Debug|Any CPU.ActiveCfg = Debug|Any CPU
		{12ECAD4F-D463-4D72-A792-A4FCCFE9C456}.Debug|Any CPU.Build.0 = Debug|Any CPU
		{12ECAD4F-D463-4D72-A792-A4FCCFE9C456}.Debug|x86.ActiveCfg = Debug|Any CPU
		{12ECAD4F-D463-4D72-A792-A4FCCFE9C456}.Mono Debug|Any CPU.ActiveCfg = Debug|Any CPU
		{12ECAD4F-D463-4D72-A792-A4FCCFE9C456}.Mono Debug|Any CPU.Build.0 = Debug|Any CPU
		{12ECAD4F-D463-4D72-A792-A4FCCFE9C456}.Mono Debug|x86.ActiveCfg = Debug|Any CPU
		{12ECAD4F-D463-4D72-A792-A4FCCFE9C456}.Mono Debug|x86.Build.0 = Debug|Any CPU
		{12ECAD4F-D463-4D72-A792-A4FCCFE9C456}.Mono Release|Any CPU.ActiveCfg = Release|Any CPU
		{12ECAD4F-D463-4D72-A792-A4FCCFE9C456}.Mono Release|Any CPU.Build.0 = Release|Any CPU
		{12ECAD4F-D463-4D72-A792-A4FCCFE9C456}.Mono Release|x86.ActiveCfg = Release|Any CPU
		{12ECAD4F-D463-4D72-A792-A4FCCFE9C456}.Mono Release|x86.Build.0 = Release|Any CPU
		{12ECAD4F-D463-4D72-A792-A4FCCFE9C456}.NoResources|Any CPU.ActiveCfg = NoResources|Any CPU
		{12ECAD4F-D463-4D72-A792-A4FCCFE9C456}.NoResources|x86.ActiveCfg = NoResources|Any CPU
		{12ECAD4F-D463-4D72-A792-A4FCCFE9C456}.Release|Any CPU.ActiveCfg = Release|Any CPU
		{12ECAD4F-D463-4D72-A792-A4FCCFE9C456}.Release|Any CPU.Build.0 = Release|Any CPU
		{12ECAD4F-D463-4D72-A792-A4FCCFE9C456}.Release|x86.ActiveCfg = Release|Any CPU
		{12ECAD4F-D463-4D72-A792-A4FCCFE9C456}.ReleaseOfficial|Any CPU.ActiveCfg = ReleaseOfficial|Any CPU
		{12ECAD4F-D463-4D72-A792-A4FCCFE9C456}.ReleaseOfficial|Any CPU.Build.0 = ReleaseOfficial|Any CPU
		{12ECAD4F-D463-4D72-A792-A4FCCFE9C456}.ReleaseOfficial|x86.ActiveCfg = ReleaseOfficial|Any CPU
		{12ECAD4F-D463-4D72-A792-A4FCCFE9C456}.ReleaseOfficial|x86.Build.0 = ReleaseOfficial|Any CPU
		{F879F274-EFA0-4157-8404-33A19B4E6AEC}.Coverage|Any CPU.ActiveCfg = Coverage|Any CPU
		{F879F274-EFA0-4157-8404-33A19B4E6AEC}.Coverage|Any CPU.Build.0 = Coverage|Any CPU
		{F879F274-EFA0-4157-8404-33A19B4E6AEC}.Coverage|x86.ActiveCfg = Coverage|Any CPU
		{F879F274-EFA0-4157-8404-33A19B4E6AEC}.Coverage|x86.Build.0 = Coverage|Any CPU
		{F879F274-EFA0-4157-8404-33A19B4E6AEC}.Debug|Any CPU.ActiveCfg = Debug|Any CPU
		{F879F274-EFA0-4157-8404-33A19B4E6AEC}.Debug|Any CPU.Build.0 = Debug|Any CPU
		{F879F274-EFA0-4157-8404-33A19B4E6AEC}.Debug|x86.ActiveCfg = Debug|Any CPU
		{F879F274-EFA0-4157-8404-33A19B4E6AEC}.Debug|x86.Build.0 = Debug|Any CPU
		{F879F274-EFA0-4157-8404-33A19B4E6AEC}.Mono Debug|Any CPU.ActiveCfg = Mono Debug|Any CPU
		{F879F274-EFA0-4157-8404-33A19B4E6AEC}.Mono Debug|Any CPU.Build.0 = Mono Debug|Any CPU
		{F879F274-EFA0-4157-8404-33A19B4E6AEC}.Mono Debug|x86.ActiveCfg = Mono Debug|Any CPU
		{F879F274-EFA0-4157-8404-33A19B4E6AEC}.Mono Debug|x86.Build.0 = Mono Debug|Any CPU
		{F879F274-EFA0-4157-8404-33A19B4E6AEC}.Mono Release|Any CPU.ActiveCfg = Mono Release|Any CPU
		{F879F274-EFA0-4157-8404-33A19B4E6AEC}.Mono Release|Any CPU.Build.0 = Mono Release|Any CPU
		{F879F274-EFA0-4157-8404-33A19B4E6AEC}.Mono Release|x86.ActiveCfg = Mono Release|Any CPU
		{F879F274-EFA0-4157-8404-33A19B4E6AEC}.Mono Release|x86.Build.0 = Mono Release|Any CPU
		{F879F274-EFA0-4157-8404-33A19B4E6AEC}.NoResources|Any CPU.ActiveCfg = Debug|Any CPU
		{F879F274-EFA0-4157-8404-33A19B4E6AEC}.NoResources|Any CPU.Build.0 = Debug|Any CPU
		{F879F274-EFA0-4157-8404-33A19B4E6AEC}.NoResources|x86.ActiveCfg = Debug|Any CPU
		{F879F274-EFA0-4157-8404-33A19B4E6AEC}.NoResources|x86.Build.0 = Debug|Any CPU
		{F879F274-EFA0-4157-8404-33A19B4E6AEC}.Release|Any CPU.ActiveCfg = Release|Any CPU
		{F879F274-EFA0-4157-8404-33A19B4E6AEC}.Release|Any CPU.Build.0 = Release|Any CPU
		{F879F274-EFA0-4157-8404-33A19B4E6AEC}.Release|x86.ActiveCfg = Release|Any CPU
		{F879F274-EFA0-4157-8404-33A19B4E6AEC}.Release|x86.Build.0 = Release|Any CPU
		{F879F274-EFA0-4157-8404-33A19B4E6AEC}.ReleaseOfficial|Any CPU.ActiveCfg = Release|Any CPU
		{F879F274-EFA0-4157-8404-33A19B4E6AEC}.ReleaseOfficial|Any CPU.Build.0 = Release|Any CPU
		{F879F274-EFA0-4157-8404-33A19B4E6AEC}.ReleaseOfficial|x86.ActiveCfg = Release|Any CPU
		{F879F274-EFA0-4157-8404-33A19B4E6AEC}.ReleaseOfficial|x86.Build.0 = Release|Any CPU
		{A934C8C2-9252-453C-9360-54381E4D276A}.Coverage|Any CPU.ActiveCfg = Debug|Any CPU
		{A934C8C2-9252-453C-9360-54381E4D276A}.Coverage|Any CPU.Build.0 = Debug|Any CPU
		{A934C8C2-9252-453C-9360-54381E4D276A}.Coverage|x86.ActiveCfg = Debug|Any CPU
		{A934C8C2-9252-453C-9360-54381E4D276A}.Coverage|x86.Build.0 = Debug|Any CPU
		{A934C8C2-9252-453C-9360-54381E4D276A}.Debug|Any CPU.ActiveCfg = Debug|Any CPU
		{A934C8C2-9252-453C-9360-54381E4D276A}.Debug|Any CPU.Build.0 = Debug|Any CPU
		{A934C8C2-9252-453C-9360-54381E4D276A}.Debug|x86.ActiveCfg = Debug|Any CPU
		{A934C8C2-9252-453C-9360-54381E4D276A}.Debug|x86.Build.0 = Debug|Any CPU
		{A934C8C2-9252-453C-9360-54381E4D276A}.Mono Debug|Any CPU.ActiveCfg = Debug|Any CPU
		{A934C8C2-9252-453C-9360-54381E4D276A}.Mono Debug|Any CPU.Build.0 = Debug|Any CPU
		{A934C8C2-9252-453C-9360-54381E4D276A}.Mono Debug|x86.ActiveCfg = Debug|Any CPU
		{A934C8C2-9252-453C-9360-54381E4D276A}.Mono Debug|x86.Build.0 = Debug|Any CPU
		{A934C8C2-9252-453C-9360-54381E4D276A}.Mono Release|Any CPU.ActiveCfg = Release|Any CPU
		{A934C8C2-9252-453C-9360-54381E4D276A}.Mono Release|Any CPU.Build.0 = Release|Any CPU
		{A934C8C2-9252-453C-9360-54381E4D276A}.Mono Release|x86.ActiveCfg = Release|Any CPU
		{A934C8C2-9252-453C-9360-54381E4D276A}.Mono Release|x86.Build.0 = Release|Any CPU
		{A934C8C2-9252-453C-9360-54381E4D276A}.NoResources|Any CPU.ActiveCfg = Debug|Any CPU
		{A934C8C2-9252-453C-9360-54381E4D276A}.NoResources|Any CPU.Build.0 = Debug|Any CPU
		{A934C8C2-9252-453C-9360-54381E4D276A}.NoResources|x86.ActiveCfg = Debug|Any CPU
		{A934C8C2-9252-453C-9360-54381E4D276A}.NoResources|x86.Build.0 = Debug|Any CPU
		{A934C8C2-9252-453C-9360-54381E4D276A}.Release|Any CPU.ActiveCfg = Release|Any CPU
		{A934C8C2-9252-453C-9360-54381E4D276A}.Release|Any CPU.Build.0 = Release|Any CPU
		{A934C8C2-9252-453C-9360-54381E4D276A}.Release|x86.ActiveCfg = Release|Any CPU
		{A934C8C2-9252-453C-9360-54381E4D276A}.Release|x86.Build.0 = Release|Any CPU
		{A934C8C2-9252-453C-9360-54381E4D276A}.ReleaseOfficial|Any CPU.ActiveCfg = Release|Any CPU
		{A934C8C2-9252-453C-9360-54381E4D276A}.ReleaseOfficial|Any CPU.Build.0 = Release|Any CPU
		{A934C8C2-9252-453C-9360-54381E4D276A}.ReleaseOfficial|x86.ActiveCfg = Release|Any CPU
		{A934C8C2-9252-453C-9360-54381E4D276A}.ReleaseOfficial|x86.Build.0 = Release|Any CPU
		{D8E09813-D0EA-40EB-8A96-EB30DAC029E2}.Coverage|Any CPU.ActiveCfg = Debug|Any CPU
		{D8E09813-D0EA-40EB-8A96-EB30DAC029E2}.Coverage|Any CPU.Build.0 = Debug|Any CPU
		{D8E09813-D0EA-40EB-8A96-EB30DAC029E2}.Coverage|x86.ActiveCfg = Debug|Any CPU
		{D8E09813-D0EA-40EB-8A96-EB30DAC029E2}.Coverage|x86.Build.0 = Debug|Any CPU
		{D8E09813-D0EA-40EB-8A96-EB30DAC029E2}.Debug|Any CPU.ActiveCfg = Debug|Any CPU
		{D8E09813-D0EA-40EB-8A96-EB30DAC029E2}.Debug|Any CPU.Build.0 = Debug|Any CPU
		{D8E09813-D0EA-40EB-8A96-EB30DAC029E2}.Debug|x86.ActiveCfg = Debug|Any CPU
		{D8E09813-D0EA-40EB-8A96-EB30DAC029E2}.Debug|x86.Build.0 = Debug|Any CPU
		{D8E09813-D0EA-40EB-8A96-EB30DAC029E2}.Mono Debug|Any CPU.ActiveCfg = Debug|Any CPU
		{D8E09813-D0EA-40EB-8A96-EB30DAC029E2}.Mono Debug|Any CPU.Build.0 = Debug|Any CPU
		{D8E09813-D0EA-40EB-8A96-EB30DAC029E2}.Mono Debug|x86.ActiveCfg = Debug|Any CPU
		{D8E09813-D0EA-40EB-8A96-EB30DAC029E2}.Mono Debug|x86.Build.0 = Debug|Any CPU
		{D8E09813-D0EA-40EB-8A96-EB30DAC029E2}.Mono Release|Any CPU.ActiveCfg = Release|Any CPU
		{D8E09813-D0EA-40EB-8A96-EB30DAC029E2}.Mono Release|Any CPU.Build.0 = Release|Any CPU
		{D8E09813-D0EA-40EB-8A96-EB30DAC029E2}.Mono Release|x86.ActiveCfg = Release|Any CPU
		{D8E09813-D0EA-40EB-8A96-EB30DAC029E2}.Mono Release|x86.Build.0 = Release|Any CPU
		{D8E09813-D0EA-40EB-8A96-EB30DAC029E2}.NoResources|Any CPU.ActiveCfg = Debug|Any CPU
		{D8E09813-D0EA-40EB-8A96-EB30DAC029E2}.NoResources|Any CPU.Build.0 = Debug|Any CPU
		{D8E09813-D0EA-40EB-8A96-EB30DAC029E2}.NoResources|x86.ActiveCfg = Debug|Any CPU
		{D8E09813-D0EA-40EB-8A96-EB30DAC029E2}.NoResources|x86.Build.0 = Debug|Any CPU
		{D8E09813-D0EA-40EB-8A96-EB30DAC029E2}.Release|Any CPU.ActiveCfg = Release|Any CPU
		{D8E09813-D0EA-40EB-8A96-EB30DAC029E2}.Release|Any CPU.Build.0 = Release|Any CPU
		{D8E09813-D0EA-40EB-8A96-EB30DAC029E2}.Release|x86.ActiveCfg = Release|Any CPU
		{D8E09813-D0EA-40EB-8A96-EB30DAC029E2}.Release|x86.Build.0 = Release|Any CPU
		{D8E09813-D0EA-40EB-8A96-EB30DAC029E2}.ReleaseOfficial|Any CPU.ActiveCfg = Release|Any CPU
		{D8E09813-D0EA-40EB-8A96-EB30DAC029E2}.ReleaseOfficial|Any CPU.Build.0 = Release|Any CPU
		{D8E09813-D0EA-40EB-8A96-EB30DAC029E2}.ReleaseOfficial|x86.ActiveCfg = Release|Any CPU
		{D8E09813-D0EA-40EB-8A96-EB30DAC029E2}.ReleaseOfficial|x86.Build.0 = Release|Any CPU
		{34B74905-DF66-4BF7-958B-62C50ED1203C}.Coverage|Any CPU.ActiveCfg = Debug|Any CPU
		{34B74905-DF66-4BF7-958B-62C50ED1203C}.Coverage|Any CPU.Build.0 = Debug|Any CPU
		{34B74905-DF66-4BF7-958B-62C50ED1203C}.Coverage|x86.ActiveCfg = Debug|Any CPU
		{34B74905-DF66-4BF7-958B-62C50ED1203C}.Coverage|x86.Build.0 = Debug|Any CPU
		{34B74905-DF66-4BF7-958B-62C50ED1203C}.Debug|Any CPU.ActiveCfg = Debug|Any CPU
		{34B74905-DF66-4BF7-958B-62C50ED1203C}.Debug|Any CPU.Build.0 = Debug|Any CPU
		{34B74905-DF66-4BF7-958B-62C50ED1203C}.Debug|x86.ActiveCfg = Debug|Any CPU
		{34B74905-DF66-4BF7-958B-62C50ED1203C}.Debug|x86.Build.0 = Debug|Any CPU
		{34B74905-DF66-4BF7-958B-62C50ED1203C}.Mono Debug|Any CPU.ActiveCfg = Debug|Any CPU
		{34B74905-DF66-4BF7-958B-62C50ED1203C}.Mono Debug|Any CPU.Build.0 = Debug|Any CPU
		{34B74905-DF66-4BF7-958B-62C50ED1203C}.Mono Debug|x86.ActiveCfg = Debug|Any CPU
		{34B74905-DF66-4BF7-958B-62C50ED1203C}.Mono Debug|x86.Build.0 = Debug|Any CPU
		{34B74905-DF66-4BF7-958B-62C50ED1203C}.Mono Release|Any CPU.ActiveCfg = Release|Any CPU
		{34B74905-DF66-4BF7-958B-62C50ED1203C}.Mono Release|Any CPU.Build.0 = Release|Any CPU
		{34B74905-DF66-4BF7-958B-62C50ED1203C}.Mono Release|x86.ActiveCfg = Release|Any CPU
		{34B74905-DF66-4BF7-958B-62C50ED1203C}.Mono Release|x86.Build.0 = Release|Any CPU
		{34B74905-DF66-4BF7-958B-62C50ED1203C}.NoResources|Any CPU.ActiveCfg = Debug|Any CPU
		{34B74905-DF66-4BF7-958B-62C50ED1203C}.NoResources|Any CPU.Build.0 = Debug|Any CPU
		{34B74905-DF66-4BF7-958B-62C50ED1203C}.NoResources|x86.ActiveCfg = Debug|Any CPU
		{34B74905-DF66-4BF7-958B-62C50ED1203C}.NoResources|x86.Build.0 = Debug|Any CPU
		{34B74905-DF66-4BF7-958B-62C50ED1203C}.Release|Any CPU.ActiveCfg = Release|Any CPU
		{34B74905-DF66-4BF7-958B-62C50ED1203C}.Release|Any CPU.Build.0 = Release|Any CPU
		{34B74905-DF66-4BF7-958B-62C50ED1203C}.Release|x86.ActiveCfg = Release|Any CPU
		{34B74905-DF66-4BF7-958B-62C50ED1203C}.Release|x86.Build.0 = Release|Any CPU
		{34B74905-DF66-4BF7-958B-62C50ED1203C}.ReleaseOfficial|Any CPU.ActiveCfg = Release|Any CPU
		{34B74905-DF66-4BF7-958B-62C50ED1203C}.ReleaseOfficial|Any CPU.Build.0 = Release|Any CPU
		{34B74905-DF66-4BF7-958B-62C50ED1203C}.ReleaseOfficial|x86.ActiveCfg = Release|Any CPU
		{34B74905-DF66-4BF7-958B-62C50ED1203C}.ReleaseOfficial|x86.Build.0 = Release|Any CPU
		{B2667D84-F31E-482D-A604-1323905D582F}.Coverage|Any CPU.ActiveCfg = Debug|Any CPU
		{B2667D84-F31E-482D-A604-1323905D582F}.Coverage|Any CPU.Build.0 = Debug|Any CPU
		{B2667D84-F31E-482D-A604-1323905D582F}.Coverage|x86.ActiveCfg = Debug|Any CPU
		{B2667D84-F31E-482D-A604-1323905D582F}.Coverage|x86.Build.0 = Debug|Any CPU
		{B2667D84-F31E-482D-A604-1323905D582F}.Debug|Any CPU.ActiveCfg = Debug|Any CPU
		{B2667D84-F31E-482D-A604-1323905D582F}.Debug|Any CPU.Build.0 = Debug|Any CPU
		{B2667D84-F31E-482D-A604-1323905D582F}.Debug|x86.ActiveCfg = Debug|Any CPU
		{B2667D84-F31E-482D-A604-1323905D582F}.Debug|x86.Build.0 = Debug|Any CPU
		{B2667D84-F31E-482D-A604-1323905D582F}.Mono Debug|Any CPU.ActiveCfg = Debug|Any CPU
		{B2667D84-F31E-482D-A604-1323905D582F}.Mono Debug|Any CPU.Build.0 = Debug|Any CPU
		{B2667D84-F31E-482D-A604-1323905D582F}.Mono Debug|x86.ActiveCfg = Debug|Any CPU
		{B2667D84-F31E-482D-A604-1323905D582F}.Mono Debug|x86.Build.0 = Debug|Any CPU
		{B2667D84-F31E-482D-A604-1323905D582F}.Mono Release|Any CPU.ActiveCfg = Release|Any CPU
		{B2667D84-F31E-482D-A604-1323905D582F}.Mono Release|Any CPU.Build.0 = Release|Any CPU
		{B2667D84-F31E-482D-A604-1323905D582F}.Mono Release|x86.ActiveCfg = Release|Any CPU
		{B2667D84-F31E-482D-A604-1323905D582F}.Mono Release|x86.Build.0 = Release|Any CPU
		{B2667D84-F31E-482D-A604-1323905D582F}.NoResources|Any CPU.ActiveCfg = Debug|Any CPU
		{B2667D84-F31E-482D-A604-1323905D582F}.NoResources|Any CPU.Build.0 = Debug|Any CPU
		{B2667D84-F31E-482D-A604-1323905D582F}.NoResources|x86.ActiveCfg = Debug|Any CPU
		{B2667D84-F31E-482D-A604-1323905D582F}.NoResources|x86.Build.0 = Debug|Any CPU
		{B2667D84-F31E-482D-A604-1323905D582F}.Release|Any CPU.ActiveCfg = Release|Any CPU
		{B2667D84-F31E-482D-A604-1323905D582F}.Release|Any CPU.Build.0 = Release|Any CPU
		{B2667D84-F31E-482D-A604-1323905D582F}.Release|x86.ActiveCfg = Release|Any CPU
		{B2667D84-F31E-482D-A604-1323905D582F}.Release|x86.Build.0 = Release|Any CPU
		{B2667D84-F31E-482D-A604-1323905D582F}.ReleaseOfficial|Any CPU.ActiveCfg = Release|Any CPU
		{B2667D84-F31E-482D-A604-1323905D582F}.ReleaseOfficial|Any CPU.Build.0 = Release|Any CPU
		{B2667D84-F31E-482D-A604-1323905D582F}.ReleaseOfficial|x86.ActiveCfg = Release|Any CPU
		{B2667D84-F31E-482D-A604-1323905D582F}.ReleaseOfficial|x86.Build.0 = Release|Any CPU
		{5625DF34-48CD-4957-A54C-E8D835EF2FD8}.Coverage|Any CPU.ActiveCfg = Debug|Any CPU
		{5625DF34-48CD-4957-A54C-E8D835EF2FD8}.Coverage|Any CPU.Build.0 = Debug|Any CPU
		{5625DF34-48CD-4957-A54C-E8D835EF2FD8}.Coverage|x86.ActiveCfg = Debug|Any CPU
		{5625DF34-48CD-4957-A54C-E8D835EF2FD8}.Coverage|x86.Build.0 = Debug|Any CPU
		{5625DF34-48CD-4957-A54C-E8D835EF2FD8}.Debug|Any CPU.ActiveCfg = Debug|Any CPU
		{5625DF34-48CD-4957-A54C-E8D835EF2FD8}.Debug|Any CPU.Build.0 = Debug|Any CPU
		{5625DF34-48CD-4957-A54C-E8D835EF2FD8}.Debug|x86.ActiveCfg = Debug|Any CPU
		{5625DF34-48CD-4957-A54C-E8D835EF2FD8}.Debug|x86.Build.0 = Debug|Any CPU
		{5625DF34-48CD-4957-A54C-E8D835EF2FD8}.Mono Debug|Any CPU.ActiveCfg = Debug|Any CPU
		{5625DF34-48CD-4957-A54C-E8D835EF2FD8}.Mono Debug|Any CPU.Build.0 = Debug|Any CPU
		{5625DF34-48CD-4957-A54C-E8D835EF2FD8}.Mono Debug|x86.ActiveCfg = Debug|Any CPU
		{5625DF34-48CD-4957-A54C-E8D835EF2FD8}.Mono Debug|x86.Build.0 = Debug|Any CPU
		{5625DF34-48CD-4957-A54C-E8D835EF2FD8}.Mono Release|Any CPU.ActiveCfg = Release|Any CPU
		{5625DF34-48CD-4957-A54C-E8D835EF2FD8}.Mono Release|Any CPU.Build.0 = Release|Any CPU
		{5625DF34-48CD-4957-A54C-E8D835EF2FD8}.Mono Release|x86.ActiveCfg = Release|Any CPU
		{5625DF34-48CD-4957-A54C-E8D835EF2FD8}.Mono Release|x86.Build.0 = Release|Any CPU
		{5625DF34-48CD-4957-A54C-E8D835EF2FD8}.NoResources|Any CPU.ActiveCfg = Debug|Any CPU
		{5625DF34-48CD-4957-A54C-E8D835EF2FD8}.NoResources|Any CPU.Build.0 = Debug|Any CPU
		{5625DF34-48CD-4957-A54C-E8D835EF2FD8}.NoResources|x86.ActiveCfg = Debug|Any CPU
		{5625DF34-48CD-4957-A54C-E8D835EF2FD8}.NoResources|x86.Build.0 = Debug|Any CPU
		{5625DF34-48CD-4957-A54C-E8D835EF2FD8}.Release|Any CPU.ActiveCfg = Release|Any CPU
		{5625DF34-48CD-4957-A54C-E8D835EF2FD8}.Release|Any CPU.Build.0 = Release|Any CPU
		{5625DF34-48CD-4957-A54C-E8D835EF2FD8}.Release|x86.ActiveCfg = Release|Any CPU
		{5625DF34-48CD-4957-A54C-E8D835EF2FD8}.Release|x86.Build.0 = Release|Any CPU
		{5625DF34-48CD-4957-A54C-E8D835EF2FD8}.ReleaseOfficial|Any CPU.ActiveCfg = Release|Any CPU
		{5625DF34-48CD-4957-A54C-E8D835EF2FD8}.ReleaseOfficial|Any CPU.Build.0 = Release|Any CPU
		{5625DF34-48CD-4957-A54C-E8D835EF2FD8}.ReleaseOfficial|x86.ActiveCfg = Release|Any CPU
		{5625DF34-48CD-4957-A54C-E8D835EF2FD8}.ReleaseOfficial|x86.Build.0 = Release|Any CPU
		{943F7C14-DCC3-43C5-8ED8-F65AAEDCB893}.Coverage|Any CPU.ActiveCfg = Debug|Any CPU
		{943F7C14-DCC3-43C5-8ED8-F65AAEDCB893}.Coverage|Any CPU.Build.0 = Debug|Any CPU
		{943F7C14-DCC3-43C5-8ED8-F65AAEDCB893}.Coverage|x86.ActiveCfg = Debug|Any CPU
		{943F7C14-DCC3-43C5-8ED8-F65AAEDCB893}.Coverage|x86.Build.0 = Debug|Any CPU
		{943F7C14-DCC3-43C5-8ED8-F65AAEDCB893}.Debug|Any CPU.ActiveCfg = Debug|Any CPU
		{943F7C14-DCC3-43C5-8ED8-F65AAEDCB893}.Debug|Any CPU.Build.0 = Debug|Any CPU
		{943F7C14-DCC3-43C5-8ED8-F65AAEDCB893}.Debug|x86.ActiveCfg = Debug|Any CPU
		{943F7C14-DCC3-43C5-8ED8-F65AAEDCB893}.Debug|x86.Build.0 = Debug|Any CPU
		{943F7C14-DCC3-43C5-8ED8-F65AAEDCB893}.Mono Debug|Any CPU.ActiveCfg = Debug|Any CPU
		{943F7C14-DCC3-43C5-8ED8-F65AAEDCB893}.Mono Debug|Any CPU.Build.0 = Debug|Any CPU
		{943F7C14-DCC3-43C5-8ED8-F65AAEDCB893}.Mono Debug|x86.ActiveCfg = Debug|Any CPU
		{943F7C14-DCC3-43C5-8ED8-F65AAEDCB893}.Mono Debug|x86.Build.0 = Debug|Any CPU
		{943F7C14-DCC3-43C5-8ED8-F65AAEDCB893}.Mono Release|Any CPU.ActiveCfg = Release|Any CPU
		{943F7C14-DCC3-43C5-8ED8-F65AAEDCB893}.Mono Release|Any CPU.Build.0 = Release|Any CPU
		{943F7C14-DCC3-43C5-8ED8-F65AAEDCB893}.Mono Release|x86.ActiveCfg = Release|Any CPU
		{943F7C14-DCC3-43C5-8ED8-F65AAEDCB893}.Mono Release|x86.Build.0 = Release|Any CPU
		{943F7C14-DCC3-43C5-8ED8-F65AAEDCB893}.NoResources|Any CPU.ActiveCfg = Debug|Any CPU
		{943F7C14-DCC3-43C5-8ED8-F65AAEDCB893}.NoResources|Any CPU.Build.0 = Debug|Any CPU
		{943F7C14-DCC3-43C5-8ED8-F65AAEDCB893}.NoResources|x86.ActiveCfg = Debug|Any CPU
		{943F7C14-DCC3-43C5-8ED8-F65AAEDCB893}.NoResources|x86.Build.0 = Debug|Any CPU
		{943F7C14-DCC3-43C5-8ED8-F65AAEDCB893}.Release|Any CPU.ActiveCfg = Release|Any CPU
		{943F7C14-DCC3-43C5-8ED8-F65AAEDCB893}.Release|Any CPU.Build.0 = Release|Any CPU
		{943F7C14-DCC3-43C5-8ED8-F65AAEDCB893}.Release|x86.ActiveCfg = Release|Any CPU
		{943F7C14-DCC3-43C5-8ED8-F65AAEDCB893}.Release|x86.Build.0 = Release|Any CPU
		{943F7C14-DCC3-43C5-8ED8-F65AAEDCB893}.ReleaseOfficial|Any CPU.ActiveCfg = Release|Any CPU
		{943F7C14-DCC3-43C5-8ED8-F65AAEDCB893}.ReleaseOfficial|Any CPU.Build.0 = Release|Any CPU
		{943F7C14-DCC3-43C5-8ED8-F65AAEDCB893}.ReleaseOfficial|x86.ActiveCfg = Release|Any CPU
		{943F7C14-DCC3-43C5-8ED8-F65AAEDCB893}.ReleaseOfficial|x86.Build.0 = Release|Any CPU
		{FD09DFBB-F4C9-4F7A-A89F-7294C5499A1C}.Coverage|Any CPU.ActiveCfg = Debug|Any CPU
		{FD09DFBB-F4C9-4F7A-A89F-7294C5499A1C}.Coverage|Any CPU.Build.0 = Debug|Any CPU
		{FD09DFBB-F4C9-4F7A-A89F-7294C5499A1C}.Coverage|x86.ActiveCfg = Debug|Any CPU
		{FD09DFBB-F4C9-4F7A-A89F-7294C5499A1C}.Coverage|x86.Build.0 = Debug|Any CPU
		{FD09DFBB-F4C9-4F7A-A89F-7294C5499A1C}.Debug|Any CPU.ActiveCfg = Debug|Any CPU
		{FD09DFBB-F4C9-4F7A-A89F-7294C5499A1C}.Debug|Any CPU.Build.0 = Debug|Any CPU
		{FD09DFBB-F4C9-4F7A-A89F-7294C5499A1C}.Debug|x86.ActiveCfg = Debug|Any CPU
		{FD09DFBB-F4C9-4F7A-A89F-7294C5499A1C}.Debug|x86.Build.0 = Debug|Any CPU
		{FD09DFBB-F4C9-4F7A-A89F-7294C5499A1C}.Mono Debug|Any CPU.ActiveCfg = Debug|Any CPU
		{FD09DFBB-F4C9-4F7A-A89F-7294C5499A1C}.Mono Debug|Any CPU.Build.0 = Debug|Any CPU
		{FD09DFBB-F4C9-4F7A-A89F-7294C5499A1C}.Mono Debug|x86.ActiveCfg = Debug|Any CPU
		{FD09DFBB-F4C9-4F7A-A89F-7294C5499A1C}.Mono Debug|x86.Build.0 = Debug|Any CPU
		{FD09DFBB-F4C9-4F7A-A89F-7294C5499A1C}.Mono Release|Any CPU.ActiveCfg = Release|Any CPU
		{FD09DFBB-F4C9-4F7A-A89F-7294C5499A1C}.Mono Release|Any CPU.Build.0 = Release|Any CPU
		{FD09DFBB-F4C9-4F7A-A89F-7294C5499A1C}.Mono Release|x86.ActiveCfg = Release|Any CPU
		{FD09DFBB-F4C9-4F7A-A89F-7294C5499A1C}.Mono Release|x86.Build.0 = Release|Any CPU
		{FD09DFBB-F4C9-4F7A-A89F-7294C5499A1C}.NoResources|Any CPU.ActiveCfg = Debug|Any CPU
		{FD09DFBB-F4C9-4F7A-A89F-7294C5499A1C}.NoResources|Any CPU.Build.0 = Debug|Any CPU
		{FD09DFBB-F4C9-4F7A-A89F-7294C5499A1C}.NoResources|x86.ActiveCfg = Debug|Any CPU
		{FD09DFBB-F4C9-4F7A-A89F-7294C5499A1C}.NoResources|x86.Build.0 = Debug|Any CPU
		{FD09DFBB-F4C9-4F7A-A89F-7294C5499A1C}.Release|Any CPU.ActiveCfg = Release|Any CPU
		{FD09DFBB-F4C9-4F7A-A89F-7294C5499A1C}.Release|Any CPU.Build.0 = Release|Any CPU
		{FD09DFBB-F4C9-4F7A-A89F-7294C5499A1C}.Release|x86.ActiveCfg = Release|Any CPU
		{FD09DFBB-F4C9-4F7A-A89F-7294C5499A1C}.Release|x86.Build.0 = Release|Any CPU
		{FD09DFBB-F4C9-4F7A-A89F-7294C5499A1C}.ReleaseOfficial|Any CPU.ActiveCfg = Release|Any CPU
		{FD09DFBB-F4C9-4F7A-A89F-7294C5499A1C}.ReleaseOfficial|Any CPU.Build.0 = Release|Any CPU
		{FD09DFBB-F4C9-4F7A-A89F-7294C5499A1C}.ReleaseOfficial|x86.ActiveCfg = Release|Any CPU
		{FD09DFBB-F4C9-4F7A-A89F-7294C5499A1C}.ReleaseOfficial|x86.Build.0 = Release|Any CPU
		{47966427-1793-49FD-8F50-3EB02BF90E5C}.Coverage|Any CPU.ActiveCfg = Debug|Any CPU
		{47966427-1793-49FD-8F50-3EB02BF90E5C}.Coverage|Any CPU.Build.0 = Debug|Any CPU
		{47966427-1793-49FD-8F50-3EB02BF90E5C}.Coverage|x86.ActiveCfg = Debug|Any CPU
		{47966427-1793-49FD-8F50-3EB02BF90E5C}.Coverage|x86.Build.0 = Debug|Any CPU
		{47966427-1793-49FD-8F50-3EB02BF90E5C}.Debug|Any CPU.ActiveCfg = Debug|Any CPU
		{47966427-1793-49FD-8F50-3EB02BF90E5C}.Debug|Any CPU.Build.0 = Debug|Any CPU
		{47966427-1793-49FD-8F50-3EB02BF90E5C}.Debug|x86.ActiveCfg = Debug|Any CPU
		{47966427-1793-49FD-8F50-3EB02BF90E5C}.Debug|x86.Build.0 = Debug|Any CPU
		{47966427-1793-49FD-8F50-3EB02BF90E5C}.Mono Debug|Any CPU.ActiveCfg = Debug|Any CPU
		{47966427-1793-49FD-8F50-3EB02BF90E5C}.Mono Debug|Any CPU.Build.0 = Debug|Any CPU
		{47966427-1793-49FD-8F50-3EB02BF90E5C}.Mono Debug|x86.ActiveCfg = Debug|Any CPU
		{47966427-1793-49FD-8F50-3EB02BF90E5C}.Mono Debug|x86.Build.0 = Debug|Any CPU
		{47966427-1793-49FD-8F50-3EB02BF90E5C}.Mono Release|Any CPU.ActiveCfg = Release|Any CPU
		{47966427-1793-49FD-8F50-3EB02BF90E5C}.Mono Release|Any CPU.Build.0 = Release|Any CPU
		{47966427-1793-49FD-8F50-3EB02BF90E5C}.Mono Release|x86.ActiveCfg = Release|Any CPU
		{47966427-1793-49FD-8F50-3EB02BF90E5C}.Mono Release|x86.Build.0 = Release|Any CPU
		{47966427-1793-49FD-8F50-3EB02BF90E5C}.NoResources|Any CPU.ActiveCfg = Debug|Any CPU
		{47966427-1793-49FD-8F50-3EB02BF90E5C}.NoResources|Any CPU.Build.0 = Debug|Any CPU
		{47966427-1793-49FD-8F50-3EB02BF90E5C}.NoResources|x86.ActiveCfg = Debug|Any CPU
		{47966427-1793-49FD-8F50-3EB02BF90E5C}.NoResources|x86.Build.0 = Debug|Any CPU
		{47966427-1793-49FD-8F50-3EB02BF90E5C}.Release|Any CPU.ActiveCfg = Release|Any CPU
		{47966427-1793-49FD-8F50-3EB02BF90E5C}.Release|Any CPU.Build.0 = Release|Any CPU
		{47966427-1793-49FD-8F50-3EB02BF90E5C}.Release|x86.ActiveCfg = Release|Any CPU
		{47966427-1793-49FD-8F50-3EB02BF90E5C}.Release|x86.Build.0 = Release|Any CPU
		{47966427-1793-49FD-8F50-3EB02BF90E5C}.ReleaseOfficial|Any CPU.ActiveCfg = Release|Any CPU
		{47966427-1793-49FD-8F50-3EB02BF90E5C}.ReleaseOfficial|Any CPU.Build.0 = Release|Any CPU
		{47966427-1793-49FD-8F50-3EB02BF90E5C}.ReleaseOfficial|x86.ActiveCfg = Release|Any CPU
		{47966427-1793-49FD-8F50-3EB02BF90E5C}.ReleaseOfficial|x86.Build.0 = Release|Any CPU
	EndGlobalSection
	GlobalSection(SolutionProperties) = preSolution
		HideSolutionNode = FALSE
	EndGlobalSection
	GlobalSection(NestedProjects) = preSolution
		{5C4C60F0-47B1-498E-ABF7-D315E1A94BC9} = {7656D054-387D-409C-A9FB-62A44599AA77}
		{12ECAD4F-D463-4D72-A792-A4FCCFE9C456} = {7656D054-387D-409C-A9FB-62A44599AA77}
		{DAB29F30-149D-4005-A8D2-4FA56CF2784D} = {FB6236DD-17EF-4C36-943C-47792FBC3306}
		{E5C987F8-6B95-4835-BBDD-A25C9D370BB9} = {DAB29F30-149D-4005-A8D2-4FA56CF2784D}
		{DD9689F3-1D2D-41AE-A672-063EE70C0C9A} = {FB6236DD-17EF-4C36-943C-47792FBC3306}
		{A934C8C2-9252-453C-9360-54381E4D276A} = {44F5C54A-1D0E-4D33-A354-9BB2C5B7A177}
		{D8E09813-D0EA-40EB-8A96-EB30DAC029E2} = {44F5C54A-1D0E-4D33-A354-9BB2C5B7A177}
		{34B74905-DF66-4BF7-958B-62C50ED1203C} = {44F5C54A-1D0E-4D33-A354-9BB2C5B7A177}
		{B2667D84-F31E-482D-A604-1323905D582F} = {44F5C54A-1D0E-4D33-A354-9BB2C5B7A177}
		{47966427-1793-49FD-8F50-3EB02BF90E5C} = {7656D054-387D-409C-A9FB-62A44599AA77}
	EndGlobalSection
	GlobalSection(ExtensibilityGlobals) = postSolution
		SolutionGuid = {998CAC46-A2B8-447C-B4CC-3B11DC35ED46}
	EndGlobalSection
EndGlobal
